
Microsoft Visual Studio Solution File, Format Version 12.00
# Visual Studio 15
VisualStudioVersion = 15.0.26228.10
MinimumVisualStudioVersion = 10.0.40219.1
Project("{FAE04EC0-301F-11D3-BF4B-00C04F79EFBC}") = "DotNetExample", "DotNetExample\DotNetExample.csproj", "{B58DC7A0-2387-47BB-926F-D193B8AD6266}"
EndProject
Project("{E53339B2-1760-4266-BCC7-CA923CBCF16C}") = "docker-compose", "docker-compose.dcproj", "{C3773135-2D5F-4838-A8AE-FBE49F374C61}"
EndProject
Global
	GlobalSection(SolutionConfigurationPlatforms) = preSolution
		Debug|Any CPU = Debug|Any CPU
		Release|Any CPU = Release|Any CPU
	EndGlobalSection
	GlobalSection(ProjectConfigurationPlatforms) = postSolution
		{B58DC7A0-2387-47BB-926F-D193B8AD6266}.Debug|Any CPU.ActiveCfg = Debug|Any CPU
		{B58DC7A0-2387-47BB-926F-D193B8AD6266}.Debug|Any CPU.Build.0 = Debug|Any CPU
		{B58DC7A0-2387-47BB-926F-D193B8AD6266}.Release|Any CPU.ActiveCfg = Release|Any CPU
		{B58DC7A0-2387-47BB-926F-D193B8AD6266}.Release|Any CPU.Build.0 = Release|Any CPU
		{C3773135-2D5F-4838-A8AE-FBE49F374C61}.Debug|Any CPU.ActiveCfg = Debug|Any CPU
		{C3773135-2D5F-4838-A8AE-FBE49F374C61}.Debug|Any CPU.Build.0 = Debug|Any CPU
		{C3773135-2D5F-4838-A8AE-FBE49F374C61}.Release|Any CPU.ActiveCfg = Release|Any CPU
		{C3773135-2D5F-4838-A8AE-FBE49F374C61}.Release|Any CPU.Build.0 = Release|Any CPU
	EndGlobalSection
	GlobalSection(SolutionProperties) = preSolution
		HideSolutionNode = FALSE
	EndGlobalSection
EndGlobal
